
Microsoft Visual Studio Solution File, Format Version 12.00
# Visual Studio Version 16
VisualStudioVersion = 16.0.30128.74
MinimumVisualStudioVersion = 10.0.40219.1
Project("{00D1A9C2-B5F0-4AF3-8072-F6C62B433612}") = "practice", "practice\practice.sqlproj", "{7FF0E500-2EB0-4D5F-B2BD-CBCAA60C449C}"
EndProject
Global
	GlobalSection(SolutionConfigurationPlatforms) = preSolution
		Debug|Any CPU = Debug|Any CPU
		Release|Any CPU = Release|Any CPU
	EndGlobalSection
	GlobalSection(ProjectConfigurationPlatforms) = postSolution
		{7FF0E500-2EB0-4D5F-B2BD-CBCAA60C449C}.Debug|Any CPU.ActiveCfg = Debug|Any CPU
		{7FF0E500-2EB0-4D5F-B2BD-CBCAA60C449C}.Debug|Any CPU.Build.0 = Debug|Any CPU
		{7FF0E500-2EB0-4D5F-B2BD-CBCAA60C449C}.Debug|Any CPU.Deploy.0 = Debug|Any CPU
		{7FF0E500-2EB0-4D5F-B2BD-CBCAA60C449C}.Release|Any CPU.ActiveCfg = Release|Any CPU
		{7FF0E500-2EB0-4D5F-B2BD-CBCAA60C449C}.Release|Any CPU.Build.0 = Release|Any CPU
		{7FF0E500-2EB0-4D5F-B2BD-CBCAA60C449C}.Release|Any CPU.Deploy.0 = Release|Any CPU
	EndGlobalSection
	GlobalSection(SolutionProperties) = preSolution
		HideSolutionNode = FALSE
	EndGlobalSection
	GlobalSection(ExtensibilityGlobals) = postSolution
		SolutionGuid = {1E7A0E81-B837-4FB7-B254-734A8C7F6298}
	EndGlobalSection
EndGlobal
